github.com/corazawaf/libinjection-go v0.1.2 h1:oeiV9pc5rvJ+2oqOqXEAMJousPpGiup6f7Y3nZj5GoM=
github.com/corazawaf/libinjection-go v0.1.2/go.mod h1:OP4TM7xdJ2skyXqNX1AN1wN5nNZEmJNuWbNPOItn7aw=
github.com/magefile/mage v1.15.1-0.20230912152418-9f54e0f83e2a h1:tdPcGgyiH0K+SbsJBBm2oPyEIOTAvLBwD9TuUwVtZho=
github.com/magefile/mage v1.15.1-0.20230912152418-9f54e0f83e2a/go.mod h1:z5UZb/iS3GoOSn0JgWuiw7dxlurVYTu+/jHXqQg881A=
github.com/tetratelabs/wazero v1.5.0 h1:Yz3fZHivfDiZFUXnWMPUoiW7s8tC1sjdBtlJn08qYa0=
github.com/tetratelabs/wazero v1.5.0/go.mod h1:0U0G41+ochRKoPKCJlh0jMg1CHkyfK8kDqiirMmKY8A=
