github.com/corazawaf/libinjection-go v0.3.3 h1:NhbXKRfRpqKzBMzv8zpCcnjyEw7BCVhBOv9IPuBl7Fc=
github.com/corazawaf/libinjection-go v0.3.3/go.mod h1:Ik/+w3UmTWH9yn366RgS9D95K3y7Atb5m/H/gXzzPCk=
github.com/tetratelabs/wazero v1.12.0 h1:DuWcpNu/FzgEXgGBDp8J1Spc+CWOvvtvVyjKlaZopYU=
github.com/tetratelabs/wazero v1.12.0/go.mod h1:LvKtzl2RqO4gyF27BiXU+nKAjcV8f38U+kP/q2vgxh0=
golang.org/x/sys v0.47.0 h1:o7XGOvZQCADBQQ4Y7VNq2dRWQR7JmOUW8Kxx4ZsNgWs=
golang.org/x/sys v0.47.0/go.mod h1:4GL1E5IUh+htKOUEOaiffhrAeqysfVGipDYzABqnCmw=
